
Microsoft Visual Studio Solution File, Format Version 12.00
# Visual Studio Version 17
VisualStudioVersion = 17.1.32328.378
MinimumVisualStudioVersion = 10.0.40219.1
Project("{9A19103F-16F7-4668-BE54-9A1E7A4F7556}") = "BackendEngineeringCandidateTest", "BackendEngineeringCandidateTest.csproj", "{0D6298B5-BB79-4042-AE5E-C4A791D484DB}"
EndProject
Global
	GlobalSection(SolutionConfigurationPlatforms) = preSolution
		Debug|Any CPU = Debug|Any CPU
		Release|Any CPU = Release|Any CPU
	EndGlobalSection
	GlobalSection(ProjectConfigurationPlatforms) = postSolution
		{0D6298B5-BB79-4042-AE5E-C4A791D484DB}.Debug|Any CPU.ActiveCfg = Debug|Any CPU
		{0D6298B5-BB79-4042-AE5E-C4A791D484DB}.Debug|Any CPU.Build.0 = Debug|Any CPU
		{0D6298B5-BB79-4042-AE5E-C4A791D484DB}.Release|Any CPU.ActiveCfg = Release|Any CPU
		{0D6298B5-BB79-4042-AE5E-C4A791D484DB}.Release|Any CPU.Build.0 = Release|Any CPU
	EndGlobalSection
	GlobalSection(SolutionProperties) = preSolution
		HideSolutionNode = FALSE
	EndGlobalSection
	GlobalSection(ExtensibilityGlobals) = postSolution
		SolutionGuid = {3A8FE4C7-B97F-4D04-BA2C-821056FC8BF6}
	EndGlobalSection
EndGlobal
